// !$*UTF8*$!
{
	archiveVersion = 1;
	classes = {
	};
	objectVersion = 45;
	objects = {

/* Begin PBXBuildFile section */
		1D60589B0D05DD56006BFB54 /* main.m in Sources */ = {isa = PBXBuildFile; fileRef = 29B97316FDCFA39411CA2CEA /* main.m */; };
		1D60589F0D05DD5A006BFB54 /* Foundation.framework in Frameworks */ = {isa = PBXBuildFile; fileRef = 1D30AB110D05D00D00671497 /* Foundation.framework */; };
		1DF5F4E00D08C38300B7A737 /* UIKit.framework in Frameworks */ = {isa = PBXBuildFile; fileRef = 1DF5F4DF0D08C38300B7A737 /* UIKit.framework */; };
		28AD733F0D9D9553002E5188 /* MainWindow.xib in Resources */ = {isa = PBXBuildFile; fileRef = 28AD733E0D9D9553002E5188 /* MainWindow.xib */; };
		28FD15000DC6FC520079059D /* OpenGLES.framework in Frameworks */ = {isa = PBXBuildFile; fileRef = 28FD14FF0DC6FC520079059D /* OpenGLES.framework */; };
		28FD15080DC6FC5B0079059D /* QuartzCore.framework in Frameworks */ = {isa = PBXBuildFile; fileRef = 28FD15070DC6FC5B0079059D /* QuartzCore.framework */; };
		E06A22810E70D6250075DDCB /* Sizes.cpp in Sources */ = {isa = PBXBuildFile; fileRef = E06A22730E70D6250075DDCB /* Sizes.cpp */; };
		E06A22820E70D6250075DDCB /* Sprite.cpp in Sources */ = {isa = PBXBuildFile; fileRef = E06A22750E70D6250075DDCB /* Sprite.cpp */; };
		E06A22830E70D6250075DDCB /* TargetValue.cpp in Sources */ = {isa = PBXBuildFile; fileRef = E06A22770E70D6250075DDCB /* TargetValue.cpp */; };
		E06A22840E70D6250075DDCB /* TextSprite.cpp in Sources */ = {isa = PBXBuildFile; fileRef = E06A22790E70D6250075DDCB /* TextSprite.cpp */; };
		E06A22850E70D6250075DDCB /* Texture.cpp in Sources */ = {isa = PBXBuildFile; fileRef = E06A227B0E70D6250075DDCB /* Texture.cpp */; };
		E06A22860E70D6250075DDCB /* Touches.cpp in Sources */ = {isa = PBXBuildFile; fileRef = E06A227D0E70D6250075DDCB /* Touches.cpp */; };
		E06A22870E70D6250075DDCB /* Unproject.cpp in Sources */ = {isa = PBXBuildFile; fileRef = E06A227F0E70D6250075DDCB /* Unproject.cpp */; };
		E07FCBC90E491782003DBF67 /* MainObj.cpp in Sources */ = {isa = PBXBuildFile; fileRef = E07FCBC10E491782003DBF67 /* MainObj.cpp */; };
		E07FCBD40E4917C4003DBF67 /* EAGLView.mm in Sources */ = {isa = PBXBuildFile; fileRef = E07FCBCE0E4917C4003DBF67 /* EAGLView.mm */; };
		E07FCBD50E4917C4003DBF67 /* LoadTexture.mm in Sources */ = {isa = PBXBuildFile; fileRef = E07FCBD00E4917C4003DBF67 /* LoadTexture.mm */; };
		E07FCBD60E4917C4003DBF67 /* SnakeworldAppDelegate.m in Sources */ = {isa = PBXBuildFile; fileRef = E07FCBD30E4917C4003DBF67 /* SnakeworldAppDelegate.m */; };
		E08082D70EA41D3E002E0ABF /* sans_typewriter.cpp in Sources */ = {isa = PBXBuildFile; fileRef = E08082D60EA41D3E002E0ABF /* sans_typewriter.cpp */; };
		E082ABF10E94842D00BA8085 /* sans_12o.cpp in Sources */ = {isa = PBXBuildFile; fileRef = E082ABE80E94842D00BA8085 /* sans_12o.cpp */; };
		E082ABF60E94842D00BA8085 /* serif_10.cpp in Sources */ = {isa = PBXBuildFile; fileRef = E082ABED0E94842D00BA8085 /* serif_10.cpp */; };
		E082EBF80E7DFCE4002A029D /* Animation.cpp in Sources */ = {isa = PBXBuildFile; fileRef = E082EBF60E7DFCE4002A029D /* Animation.cpp */; };
		E082EDE10E43EC430009E68B /* CoreGraphics.framework in Frameworks */ = {isa = PBXBuildFile; fileRef = E082EDE00E43EC430009E68B /* CoreGraphics.framework */; };
		E082EEFA0E43F50C0009E68B /* libstdc++.6.0.4.dylib in Frameworks */ = {isa = PBXBuildFile; fileRef = E082EEF90E43F50C0009E68B /* libstdc++.6.0.4.dylib */; };
		E0883B180EA8229B002316B4 /* CrossSound.cpp in Sources */ = {isa = PBXBuildFile; fileRef = E0883B160EA8229B002316B4 /* CrossSound.cpp */; };
		E0883B740EA833B9002316B4 /* PlatformSpecific.cpp in Sources */ = {isa = PBXBuildFile; fileRef = E0883B730EA833B9002316B4 /* PlatformSpecific.cpp */; };
		E0883D080EA835D5002316B4 /* theft.wav in Resources */ = {isa = PBXBuildFile; fileRef = E0883CB40EA835D5002316B4 /* theft.wav */; };
		E0883D0A0EA835D5002316B4 /* tock.wav in Resources */ = {isa = PBXBuildFile; fileRef = E0883CB60EA835D5002316B4 /* tock.wav */; };
		E08954150E737D9D00B9A087 /* Menu.cpp in Sources */ = {isa = PBXBuildFile; fileRef = E089540D0E737D9D00B9A087 /* Menu.cpp */; };
		E08954160E737D9D00B9A087 /* Serialize.cpp in Sources */ = {isa = PBXBuildFile; fileRef = E089540F0E737D9D00B9A087 /* Serialize.cpp */; };
		E08954170E737D9D00B9A087 /* SettingFile.cpp in Sources */ = {isa = PBXBuildFile; fileRef = E08954110E737D9D00B9A087 /* SettingFile.cpp */; };
		E08954180E737D9D00B9A087 /* Swiper.cpp in Sources */ = {isa = PBXBuildFile; fileRef = E08954130E737D9D00B9A087 /* Swiper.cpp */; };
		E08E8B740E8B1960000BD226 /* icon.png in Resources */ = {isa = PBXBuildFile; fileRef = E08E8B730E8B1960000BD226 /* icon.png */; };
		E09DF2EC0E638AA30025E628 /* OpenAL.framework in Frameworks */ = {isa = PBXBuildFile; fileRef = E09DF2EB0E638AA30025E628 /* OpenAL.framework */; };
		E09DF3570E638B800025E628 /* CoreAudio.framework in Frameworks */ = {isa = PBXBuildFile; fileRef = E09DF3560E638B800025E628 /* CoreAudio.framework */; };
		E09DF35E0E638BA10025E628 /* AudioToolbox.framework in Frameworks */ = {isa = PBXBuildFile; fileRef = E09DF35D0E638BA10025E628 /* AudioToolbox.framework */; };
		E0A261970E9C7BAB00279D08 /* sans_8s.cpp in Sources */ = {isa = PBXBuildFile; fileRef = E0A261960E9C7BAB00279D08 /* sans_8s.cpp */; };
		E0A261990E9C7BBB00279D08 /* sans_24s.cpp in Sources */ = {isa = PBXBuildFile; fileRef = E0A261980E9C7BBB00279D08 /* sans_24s.cpp */; };
		E0A2619B0E9C7BC600279D08 /* sans_numbers.cpp in Sources */ = {isa = PBXBuildFile; fileRef = E0A2619A0E9C7BC600279D08 /* sans_numbers.cpp */; };
		E0D789030EA44B300059B7FE /* C_misc_64x64.png in Resources */ = {isa = PBXBuildFile; fileRef = E0D788B90EA44B300059B7FE /* C_misc_64x64.png */; };
		E0D789410EA44B310059B7FE /* sans_8s.png in Resources */ = {isa = PBXBuildFile; fileRef = E0D788F70EA44B300059B7FE /* sans_8s.png */; };
		E0D789420EA44B310059B7FE /* sans_12o.png in Resources */ = {isa = PBXBuildFile; fileRef = E0D788F80EA44B300059B7FE /* sans_12o.png */; };
		E0D789430EA44B310059B7FE /* sans_24s.png in Resources */ = {isa = PBXBuildFile; fileRef = E0D788F90EA44B300059B7FE /* sans_24s.png */; };
		E0D789440EA44B310059B7FE /* sans_numbers.png in Resources */ = {isa = PBXBuildFile; fileRef = E0D788FA0EA44B300059B7FE /* sans_numbers.png */; };
		E0D789450EA44B310059B7FE /* sans_typewriter.png in Resources */ = {isa = PBXBuildFile; fileRef = E0D788FB0EA44B300059B7FE /* sans_typewriter.png */; };
		E0D789470EA44B310059B7FE /* serif_10.png in Resources */ = {isa = PBXBuildFile; fileRef = E0D788FD0EA44B300059B7FE /* serif_10.png */; };
		E0F289670E7B3AB600C7D9E7 /* Environment.cpp in Sources */ = {isa = PBXBuildFile; fileRef = E0F289630E7B3AB600C7D9E7 /* Environment.cpp */; };
		E0F289680E7B3AB600C7D9E7 /* EventHook.cpp in Sources */ = {isa = PBXBuildFile; fileRef = E0F289650E7B3AB600C7D9E7 /* EventHook.cpp */; };
		E0F5DEA10EA139DA007580A4 /* StarSprite.cpp in Sources */ = {isa = PBXBuildFile; fileRef = E0F5DE9F0EA139DA007580A4 /* StarSprite.cpp */; };
/* End PBXBuildFile section */

/* Begin PBXFileReference section */
		1D30AB110D05D00D00671497 /* Foundation.framework */ = {isa = PBXFileReference; lastKnownFileType = wrapper.framework; name = Foundation.framework; path = System/Library/Frameworks/Foundation.framework; sourceTree = SDKROOT; };
		1D6058910D05DD3D006BFB54 /* Snakeworld.app */ = {isa = PBXFileReference; explicitFileType = wrapper.application; includeInIndex = 0; path = Snakeworld.app; sourceTree = BUILT_PRODUCTS_DIR; };
		1DF5F4DF0D08C38300B7A737 /* UIKit.framework */ = {isa = PBXFileReference; lastKnownFileType = wrapper.framework; name = UIKit.framework; path = System/Library/Frameworks/UIKit.framework; sourceTree = SDKROOT; };
		28AD733E0D9D9553002E5188 /* MainWindow.xib */ = {isa = PBXFileReference; lastKnownFileType = file.xib; path = MainWindow.xib; sourceTree = "<group>"; };
		28FD14FF0DC6FC520079059D /* OpenGLES.framework */ = {isa = PBXFileReference; lastKnownFileType = wrapper.framework; name = OpenGLES.framework; path = System/Library/Frameworks/OpenGLES.framework; sourceTree = SDKROOT; };
		28FD15070DC6FC5B0079059D /* QuartzCore.framework */ = {isa = PBXFileReference; lastKnownFileType = wrapper.framework; name = QuartzCore.framework; path = System/Library/Frameworks/QuartzCore.framework; sourceTree = SDKROOT; };
		29B97316FDCFA39411CA2CEA /* main.m */ = {isa = PBXFileReference; fileEncoding = 4; lastKnownFileType = sourcecode.c.objc; path = main.m; sourceTree = "<group>"; };
		32CA4F630368D1EE00C91783 /* snakeworld_Prefix.pch */ = {isa = PBXFileReference; fileEncoding = 4; lastKnownFileType = sourcecode.c.h; path = snakeworld_Prefix.pch; sourceTree = "<group>"; };
		8D1107310486CEB800E47090 /* Info.plist */ = {isa = PBXFileReference; fileEncoding = 4; lastKnownFileType = text.plist.xml; path = Info.plist; sourceTree = "<group>"; };
		E06A22730E70D6250075DDCB /* Sizes.cpp */ = {isa = PBXFileReference; fileEncoding = 4; lastKnownFileType = sourcecode.cpp.cpp; name = Sizes.cpp; path = td/Engine/Sizes.cpp; sourceTree = "<group>"; };
		E06A22740E70D6250075DDCB /* Sizes.h */ = {isa = PBXFileReference; fileEncoding = 4; lastKnownFileType = sourcecode.c.h; name = Sizes.h; path = td/Engine/Sizes.h; sourceTree = "<group>"; };
		E06A22750E70D6250075DDCB /* Sprite.cpp */ = {isa = PBXFileReference; fileEncoding = 4; lastKnownFileType = sourcecode.cpp.cpp; name = Sprite.cpp; path = td/Engine/Sprite.cpp; sourceTree = "<group>"; };
		E06A22760E70D6250075DDCB /* Sprite.h */ = {isa = PBXFileReference; fileEncoding = 4; lastKnownFileType = sourcecode.c.h; name = Sprite.h; path = td/Engine/Sprite.h; sourceTree = "<group>"; };
		E06A22770E70D6250075DDCB /* TargetValue.cpp */ = {isa = PBXFileReference; fileEncoding = 4; lastKnownFileType = sourcecode.cpp.cpp; name = TargetValue.cpp; path = td/Engine/TargetValue.cpp; sourceTree = "<group>"; };
		E06A22780E70D6250075DDCB /* TargetValue.h */ = {isa = PBXFileReference; fileEncoding = 4; lastKnownFileType = sourcecode.c.h; name = TargetValue.h; path = td/Engine/TargetValue.h; sourceTree = "<group>"; };
		E06A22790E70D6250075DDCB /* TextSprite.cpp */ = {isa = PBXFileReference; fileEncoding = 4; lastKnownFileType = sourcecode.cpp.cpp; name = TextSprite.cpp; path = td/Engine/TextSprite.cpp; sourceTree = "<group>"; };
		E06A227A0E70D6250075DDCB /* TextSprite.h */ = {isa = PBXFileReference; fileEncoding = 4; lastKnownFileType = sourcecode.c.h; name = TextSprite.h; path = td/Engine/TextSprite.h; sourceTree = "<group>"; };
		E06A227B0E70D6250075DDCB /* Texture.cpp */ = {isa = PBXFileReference; fileEncoding = 4; lastKnownFileType = sourcecode.cpp.cpp; name = Texture.cpp; path = td/Engine/Texture.cpp; sourceTree = "<group>"; };
		E06A227C0E70D6250075DDCB /* Texture.h */ = {isa = PBXFileReference; fileEncoding = 4; lastKnownFileType = sourcecode.c.h; name = Texture.h; path = td/Engine/Texture.h; sourceTree = "<group>"; };
		E06A227D0E70D6250075DDCB /* Touches.cpp */ = {isa = PBXFileReference; fileEncoding = 4; lastKnownFileType = sourcecode.cpp.cpp; name = Touches.cpp; path = td/Engine/Touches.cpp; sourceTree = "<group>"; };
		E06A227E0E70D6250075DDCB /* Touches.h */ = {isa = PBXFileReference; fileEncoding = 4; lastKnownFileType = sourcecode.c.h; name = Touches.h; path = td/Engine/Touches.h; sourceTree = "<group>"; };
		E06A227F0E70D6250075DDCB /* Unproject.cpp */ = {isa = PBXFileReference; fileEncoding = 4; lastKnownFileType = sourcecode.cpp.cpp; name = Unproject.cpp; path = td/Engine/Unproject.cpp; sourceTree = "<group>"; };
		E06A22800E70D6250075DDCB /* Unproject.h */ = {isa = PBXFileReference; fileEncoding = 4; lastKnownFileType = sourcecode.c.h; name = Unproject.h; path = td/Engine/Unproject.h; sourceTree = "<group>"; };
		E07FCBBE0E491774003DBF67 /* global.h */ = {isa = PBXFileReference; fileEncoding = 4; lastKnownFileType = sourcecode.c.h; name = global.h; path = td/global.h; sourceTree = "<group>"; };
		E07FCBC10E491782003DBF67 /* MainObj.cpp */ = {isa = PBXFileReference; fileEncoding = 4; lastKnownFileType = sourcecode.cpp.cpp; name = MainObj.cpp; path = td/Main/MainObj.cpp; sourceTree = "<group>"; };
		E07FCBC20E491782003DBF67 /* MainObj.h */ = {isa = PBXFileReference; fileEncoding = 4; lastKnownFileType = sourcecode.c.h; name = MainObj.h; path = td/Main/MainObj.h; sourceTree = "<group>"; };
		E07FCBCD0E4917C4003DBF67 /* EAGLView.h */ = {isa = PBXFileReference; fileEncoding = 4; lastKnownFileType = sourcecode.c.h; name = EAGLView.h; path = td/OSX/EAGLView.h; sourceTree = "<group>"; };
		E07FCBCE0E4917C4003DBF67 /* EAGLView.mm */ = {isa = PBXFileReference; fileEncoding = 4; lastKnownFileType = sourcecode.cpp.objcpp; name = EAGLView.mm; path = td/OSX/EAGLView.mm; sourceTree = "<group>"; };
		E07FCBCF0E4917C4003DBF67 /* LoadTexture.h */ = {isa = PBXFileReference; fileEncoding = 4; lastKnownFileType = sourcecode.c.h; name = LoadTexture.h; path = td/OSX/LoadTexture.h; sourceTree = "<group>"; };
		E07FCBD00E4917C4003DBF67 /* LoadTexture.mm */ = {isa = PBXFileReference; fileEncoding = 4; lastKnownFileType = sourcecode.cpp.objcpp; name = LoadTexture.mm; path = td/OSX/LoadTexture.mm; sourceTree = "<group>"; };
		E07FCBD10E4917C4003DBF67 /* stdafx.h */ = {isa = PBXFileReference; fileEncoding = 4; lastKnownFileType = sourcecode.c.h; name = stdafx.h; path = td/OSX/stdafx.h; sourceTree = "<group>"; };
		E07FCBD20E4917C4003DBF67 /* SnakeworldAppDelegate.h */ = {isa = PBXFileReference; fileEncoding = 4; lastKnownFileType = sourcecode.c.h; name = SnakeworldAppDelegate.h; path = td/OSX/SnakeworldAppDelegate.h; sourceTree = "<group>"; };
		E07FCBD30E4917C4003DBF67 /* SnakeworldAppDelegate.m */ = {isa = PBXFileReference; fileEncoding = 4; lastKnownFileType = sourcecode.c.objc; name = SnakeworldAppDelegate.m; path = td/OSX/SnakeworldAppDelegate.m; sourceTree = "<group>"; };
		E07FCEF20E49209C003DBF67 /* CoreFoundation.framework */ = {isa = PBXFileReference; lastKnownFileType = wrapper.framework; name = CoreFoundation.framework; path = System/Library/Frameworks/CoreFoundation.framework; sourceTree = SDKROOT; };
		E08082D60EA41D3E002E0ABF /* sans_typewriter.cpp */ = {isa = PBXFileReference; fileEncoding = 4; lastKnownFileType = sourcecode.cpp.cpp; name = sans_typewriter.cpp; path = td/Main/sans_typewriter.cpp; sourceTree = "<group>"; };
		E082ABE80E94842D00BA8085 /* sans_12o.cpp */ = {isa = PBXFileReference; fileEncoding = 4; lastKnownFileType = sourcecode.cpp.cpp; name = sans_12o.cpp; path = td/Main/sans_12o.cpp; sourceTree = "<group>"; };
		E082ABED0E94842D00BA8085 /* serif_10.cpp */ = {isa = PBXFileReference; fileEncoding = 4; lastKnownFileType = sourcecode.cpp.cpp; name = serif_10.cpp; path = td/Main/serif_10.cpp; sourceTree = "<group>"; };
		E082EBF60E7DFCE4002A029D /* Animation.cpp */ = {isa = PBXFileReference; fileEncoding = 4; lastKnownFileType = sourcecode.cpp.cpp; name = Animation.cpp; path = td/Engine/Animation.cpp; sourceTree = "<group>"; };
		E082EBF70E7DFCE4002A029D /* Animation.h */ = {isa = PBXFileReference; fileEncoding = 4; lastKnownFileType = sourcecode.c.h; name = Animation.h; path = td/Engine/Animation.h; sourceTree = "<group>"; };
		E082EDE00E43EC430009E68B /* CoreGraphics.framework */ = {isa = PBXFileReference; lastKnownFileType = wrapper.framework; name = CoreGraphics.framework; path = System/Library/Frameworks/CoreGraphics.framework; sourceTree = SDKROOT; };
		E082EEF90E43F50C0009E68B /* libstdc++.6.0.4.dylib */ = {isa = PBXFileReference; lastKnownFileType = "compiled.mach-o.dylib"; name = "libstdc++.6.0.4.dylib"; path = "usr/lib/libstdc++.6.0.4.dylib"; sourceTree = SDKROOT; };
		E0883B160EA8229B002316B4 /* CrossSound.cpp */ = {isa = PBXFileReference; fileEncoding = 4; lastKnownFileType = sourcecode.cpp.cpp; name = CrossSound.cpp; path = td/Engine/CrossSound.cpp; sourceTree = "<group>"; };
		E0883B170EA8229B002316B4 /* CrossSound.h */ = {isa = PBXFileReference; fileEncoding = 4; lastKnownFileType = sourcecode.c.h; name = CrossSound.h; path = td/Engine/CrossSound.h; sourceTree = "<group>"; };
		E0883B720EA833B9002316B4 /* PlatformSpecific.h */ = {isa = PBXFileReference; fileEncoding = 4; lastKnownFileType = sourcecode.c.h; name = PlatformSpecific.h; path = td/OSX/PlatformSpecific.h; sourceTree = "<group>"; };
		E0883B730EA833B9002316B4 /* PlatformSpecific.cpp */ = {isa = PBXFileReference; fileEncoding = 4; lastKnownFileType = sourcecode.cpp.cpp; name = PlatformSpecific.cpp; path = td/OSX/PlatformSpecific.cpp; sourceTree = "<group>"; };
		E0883CB40EA835D5002316B4 /* theft.wav */ = {isa = PBXFileReference; lastKnownFileType = audio.wav; name = theft.wav; path = Sounds/theft.wav; sourceTree = "<group>"; };
		E0883CB60EA835D5002316B4 /* tock.wav */ = {isa = PBXFileReference; lastKnownFileType = audio.wav; name = tock.wav; path = Sounds/tock.wav; sourceTree = "<group>"; };
		E089540D0E737D9D00B9A087 /* Menu.cpp */ = {isa = PBXFileReference; fileEncoding = 4; lastKnownFileType = sourcecode.cpp.cpp; name = Menu.cpp; path = td/Engine/Menu.cpp; sourceTree = "<group>"; };
		E089540E0E737D9D00B9A087 /* Menu.h */ = {isa = PBXFileReference; fileEncoding = 4; lastKnownFileType = sourcecode.c.h; name = Menu.h; path = td/Engine/Menu.h; sourceTree = "<group>"; };
		E089540F0E737D9D00B9A087 /* Serialize.cpp */ = {isa = PBXFileReference; fileEncoding = 4; lastKnownFileType = sourcecode.cpp.cpp; name = Serialize.cpp; path = td/Engine/Serialize.cpp; sourceTree = "<group>"; };
		E08954100E737D9D00B9A087 /* Serialize.h */ = {isa = PBXFileReference; fileEncoding = 4; lastKnownFileType = sourcecode.c.h; name = Serialize.h; path = td/Engine/Serialize.h; sourceTree = "<group>"; };
		E08954110E737D9D00B9A087 /* SettingFile.cpp */ = {isa = PBXFileReference; fileEncoding = 4; lastKnownFileType = sourcecode.cpp.cpp; name = SettingFile.cpp; path = td/Engine/SettingFile.cpp; sourceTree = "<group>"; };
		E08954120E737D9D00B9A087 /* SettingFile.h */ = {isa = PBXFileReference; fileEncoding = 4; lastKnownFileType = sourcecode.c.h; name = SettingFile.h; path = td/Engine/SettingFile.h; sourceTree = "<group>"; };
		E08954130E737D9D00B9A087 /* Swiper.cpp */ = {isa = PBXFileReference; fileEncoding = 4; lastKnownFileType = sourcecode.cpp.cpp; name = Swiper.cpp; path = td/Engine/Swiper.cpp; sourceTree = "<group>"; };
		E08954140E737D9D00B9A087 /* Swiper.h */ = {isa = PBXFileReference; fileEncoding = 4; lastKnownFileType = sourcecode.c.h; name = Swiper.h; path = td/Engine/Swiper.h; sourceTree = "<group>"; };
		E08E8B0E0E8B15D0000BD226 /* StringList.h */ = {isa = PBXFileReference; fileEncoding = 4; lastKnownFileType = sourcecode.c.h; name = StringList.h; path = td/Engine/StringList.h; sourceTree = "<group>"; };
		E08E8B730E8B1960000BD226 /* icon.png */ = {isa = PBXFileReference; lastKnownFileType = image.png; name = icon.png; path = Images/Production/icon.png; sourceTree = "<group>"; };
		E09DF2EB0E638AA30025E628 /* OpenAL.framework */ = {isa = PBXFileReference; lastKnownFileType = wrapper.framework; name = OpenAL.framework; path = /System/Library/Frameworks/OpenAL.framework; sourceTree = "<absolute>"; };
		E09DF3560E638B800025E628 /* CoreAudio.framework */ = {isa = PBXFileReference; lastKnownFileType = wrapper.framework; name = CoreAudio.framework; path = /System/Library/Frameworks/CoreAudio.framework; sourceTree = "<absolute>"; };
		E09DF35D0E638BA10025E628 /* AudioToolbox.framework */ = {isa = PBXFileReference; lastKnownFileType = wrapper.framework; name = AudioToolbox.framework; path = /System/Library/Frameworks/AudioToolbox.framework; sourceTree = "<absolute>"; };
		E0A261960E9C7BAB00279D08 /* sans_8s.cpp */ = {isa = PBXFileReference; fileEncoding = 4; lastKnownFileType = sourcecode.cpp.cpp; name = sans_8s.cpp; path = td/Main/sans_8s.cpp; sourceTree = "<group>"; };
		E0A261980E9C7BBB00279D08 /* sans_24s.cpp */ = {isa = PBXFileReference; fileEncoding = 4; lastKnownFileType = sourcecode.cpp.cpp; name = sans_24s.cpp; path = td/Main/sans_24s.cpp; sourceTree = "<group>"; };
		E0A2619A0E9C7BC600279D08 /* sans_numbers.cpp */ = {isa = PBXFileReference; fileEncoding = 4; lastKnownFileType = sourcecode.cpp.cpp; name = sans_numbers.cpp; path = td/Main/sans_numbers.cpp; sourceTree = "<group>"; };
		E0D788B90EA44B300059B7FE /* C_misc_64x64.png */ = {isa = PBXFileReference; lastKnownFileType = image.png; name = C_misc_64x64.png; path = Images/Production/C_misc_64x64.png; sourceTree = "<group>"; };
		E0D788F70EA44B300059B7FE /* sans_8s.png */ = {isa = PBXFileReference; lastKnownFileType = image.png; name = sans_8s.png; path = Images/Production/sans_8s.png; sourceTree = "<group>"; };
		E0D788F80EA44B300059B7FE /* sans_12o.png */ = {isa = PBXFileReference; lastKnownFileType = image.png; name = sans_12o.png; path = Images/Production/sans_12o.png; sourceTree = "<group>"; };
		E0D788F90EA44B300059B7FE /* sans_24s.png */ = {isa = PBXFileReference; lastKnownFileType = image.png; name = sans_24s.png; path = Images/Production/sans_24s.png; sourceTree = "<group>"; };
		E0D788FA0EA44B300059B7FE /* sans_numbers.png */ = {isa = PBXFileReference; lastKnownFileType = image.png; name = sans_numbers.png; path = Images/Production/sans_numbers.png; sourceTree = "<group>"; };
		E0D788FB0EA44B300059B7FE /* sans_typewriter.png */ = {isa = PBXFileReference; lastKnownFileType = image.png; name = sans_typewriter.png; path = Images/Production/sans_typewriter.png; sourceTree = "<group>"; };
		E0D788FD0EA44B300059B7FE /* serif_10.png */ = {isa = PBXFileReference; lastKnownFileType = image.png; name = serif_10.png; path = Images/Production/serif_10.png; sourceTree = "<group>"; };
		E0F289630E7B3AB600C7D9E7 /* Environment.cpp */ = {isa = PBXFileReference; fileEncoding = 4; lastKnownFileType = sourcecode.cpp.cpp; name = Environment.cpp; path = td/Engine/Environment.cpp; sourceTree = "<group>"; };
		E0F289640E7B3AB600C7D9E7 /* Environment.h */ = {isa = PBXFileReference; fileEncoding = 4; lastKnownFileType = sourcecode.c.h; name = Environment.h; path = td/Engine/Environment.h; sourceTree = "<group>"; };
		E0F289650E7B3AB600C7D9E7 /* EventHook.cpp */ = {isa = PBXFileReference; fileEncoding = 4; lastKnownFileType = sourcecode.cpp.cpp; name = EventHook.cpp; path = td/Engine/EventHook.cpp; sourceTree = "<group>"; };
		E0F289660E7B3AB600C7D9E7 /* EventHook.h */ = {isa = PBXFileReference; fileEncoding = 4; lastKnownFileType = sourcecode.c.h; name = EventHook.h; path = td/Engine/EventHook.h; sourceTree = "<group>"; };
		E0F5DE9F0EA139DA007580A4 /* StarSprite.cpp */ = {isa = PBXFileReference; fileEncoding = 4; lastKnownFileType = sourcecode.cpp.cpp; name = StarSprite.cpp; path = td/Engine/StarSprite.cpp; sourceTree = "<group>"; };
		E0F5DEA00EA139DA007580A4 /* StarSprite.h */ = {isa = PBXFileReference; fileEncoding = 4; lastKnownFileType = sourcecode.c.h; name = StarSprite.h; path = td/Engine/StarSprite.h; sourceTree = "<group>"; };
/* End PBXFileReference section */

/* Begin PBXFrameworksBuildPhase section */
		1D60588F0D05DD3D006BFB54 /* Frameworks */ = {
			isa = PBXFrameworksBuildPhase;
			buildActionMask = 2147483647;
			files = (
				1D60589F0D05DD5A006BFB54 /* Foundation.framework in Frameworks */,
				1DF5F4E00D08C38300B7A737 /* UIKit.framework in Frameworks */,
				28FD15000DC6FC520079059D /* OpenGLES.framework in Frameworks */,
				28FD15080DC6FC5B0079059D /* QuartzCore.framework in Frameworks */,
				E082EDE10E43EC430009E68B /* CoreGraphics.framework in Frameworks */,
				E082EEFA0E43F50C0009E68B /* libstdc++.6.0.4.dylib in Frameworks */,
				E09DF2EC0E638AA30025E628 /* OpenAL.framework in Frameworks */,
				E09DF3570E638B800025E628 /* CoreAudio.framework in Frameworks */,
				E09DF35E0E638BA10025E628 /* AudioToolbox.framework in Frameworks */,
			);
			runOnlyForDeploymentPostprocessing = 0;
		};
/* End PBXFrameworksBuildPhase section */

/* Begin PBXGroup section */
		19C28FACFE9D520D11CA2CBB /* Products */ = {
			isa = PBXGroup;
			children = (
				1D6058910D05DD3D006BFB54 /* Snakeworld.app */,
			);
			name = Products;
			sourceTree = "<group>";
		};
		29B97314FDCFA39411CA2CEA /* CustomTemplate */ = {
			isa = PBXGroup;
			children = (
				E06A22720E70D5E00075DDCB /* Engine */,
				E07FCBBA0E49174B003DBF67 /* Game */,
				E07FCBAB0E49172F003DBF67 /* OSX */,
				29B97315FDCFA39411CA2CEA /* Other Sources */,
				29B97317FDCFA39411CA2CEA /* Resources */,
				29B97323FDCFA39411CA2CEA /* Frameworks */,
				19C28FACFE9D520D11CA2CBB /* Products */,
			);
			name = CustomTemplate;
			sourceTree = "<group>";
		};
		29B97315FDCFA39411CA2CEA /* Other Sources */ = {
			isa = PBXGroup;
			children = (
				32CA4F630368D1EE00C91783 /* snakeworld_Prefix.pch */,
				29B97316FDCFA39411CA2CEA /* main.m */,
			);
			name = "Other Sources";
			sourceTree = "<group>";
		};
		29B97317FDCFA39411CA2CEA /* Resources */ = {
			isa = PBXGroup;
			children = (
				E082BE150E603F7D009C515B /* Images */,
				E09DF2AD0E6387E20025E628 /* Sounds */,
				E08E8B730E8B1960000BD226 /* icon.png */,
				28AD733E0D9D9553002E5188 /* MainWindow.xib */,
				8D1107310486CEB800E47090 /* Info.plist */,
			);
			name = Resources;
			sourceTree = "<group>";
		};
		29B97323FDCFA39411CA2CEA /* Frameworks */ = {
			isa = PBXGroup;
			children = (
				E09DF35D0E638BA10025E628 /* AudioToolbox.framework */,
				E09DF3560E638B800025E628 /* CoreAudio.framework */,
				E082EEF90E43F50C0009E68B /* libstdc++.6.0.4.dylib */,
				E07FCEF20E49209C003DBF67 /* CoreFoundation.framework */,
				E082EDE00E43EC430009E68B /* CoreGraphics.framework */,
				E09DF2EB0E638AA30025E628 /* OpenAL.framework */,
				28FD15070DC6FC5B0079059D /* QuartzCore.framework */,
				28FD14FF0DC6FC520079059D /* OpenGLES.framework */,
				1DF5F4DF0D08C38300B7A737 /* UIKit.framework */,
				1D30AB110D05D00D00671497 /* Foundation.framework */,
			);
			name = Frameworks;
			sourceTree = "<group>";
		};
		E02495850E64FA8500AE9F51 /* Towers */ = {
			isa = PBXGroup;
			children = (
			);
			name = Towers;
			sourceTree = "<group>";
		};
		E06A22720E70D5E00075DDCB /* Engine */ = {
			isa = PBXGroup;
			children = (
				E0883B160EA8229B002316B4 /* CrossSound.cpp */,
				E0883B170EA8229B002316B4 /* CrossSound.h */,
				E0F5DE9F0EA139DA007580A4 /* StarSprite.cpp */,
				E0F5DEA00EA139DA007580A4 /* StarSprite.h */,
				E08E8B0E0E8B15D0000BD226 /* StringList.h */,
				E082EBF60E7DFCE4002A029D /* Animation.cpp */,
				E082EBF70E7DFCE4002A029D /* Animation.h */,
				E0F289630E7B3AB600C7D9E7 /* Environment.cpp */,
				E0F289640E7B3AB600C7D9E7 /* Environment.h */,
				E0F289650E7B3AB600C7D9E7 /* EventHook.cpp */,
				E0F289660E7B3AB600C7D9E7 /* EventHook.h */,
				E06A22730E70D6250075DDCB /* Sizes.cpp */,
				E06A22740E70D6250075DDCB /* Sizes.h */,
				E06A22750E70D6250075DDCB /* Sprite.cpp */,
				E06A22760E70D6250075DDCB /* Sprite.h */,
				E06A22770E70D6250075DDCB /* TargetValue.cpp */,
				E06A22780E70D6250075DDCB /* TargetValue.h */,
				E06A22790E70D6250075DDCB /* TextSprite.cpp */,
				E06A227A0E70D6250075DDCB /* TextSprite.h */,
				E06A227B0E70D6250075DDCB /* Texture.cpp */,
				E06A227C0E70D6250075DDCB /* Texture.h */,
				E06A227D0E70D6250075DDCB /* Touches.cpp */,
				E06A227E0E70D6250075DDCB /* Touches.h */,
				E06A227F0E70D6250075DDCB /* Unproject.cpp */,
				E06A22800E70D6250075DDCB /* Unproject.h */,
			);
			name = Engine;
			sourceTree = "<group>";
		};
		E07FCBAB0E49172F003DBF67 /* OSX */ = {
			isa = PBXGroup;
			children = (
				E07FCBCD0E4917C4003DBF67 /* EAGLView.h */,
				E07FCBCE0E4917C4003DBF67 /* EAGLView.mm */,
				E07FCBD20E4917C4003DBF67 /* SnakeworldAppDelegate.h */,
				E07FCBD30E4917C4003DBF67 /* SnakeworldAppDelegate.m */,
				E07FCBCF0E4917C4003DBF67 /* LoadTexture.h */,
				E07FCBD00E4917C4003DBF67 /* LoadTexture.mm */,
				E07FCBD10E4917C4003DBF67 /* stdafx.h */,
				E0883B720EA833B9002316B4 /* PlatformSpecific.h */,
				E0883B730EA833B9002316B4 /* PlatformSpecific.cpp */,
			);
			name = OSX;
			sourceTree = "<group>";
		};
		E07FCBBA0E49174B003DBF67 /* Game */ = {
			isa = PBXGroup;
			children = (
				E082ABE10E94840400BA8085 /* Fonts */,
				E082EBFC0E7DFCF2002A029D /* Levels */,
				E0B81F1E0E9B0DCC00EF7EF1 /* Waves */,
				E02495850E64FA8500AE9F51 /* Towers */,
				E089540D0E737D9D00B9A087 /* Menu.cpp */,
				E089540E0E737D9D00B9A087 /* Menu.h */,
				E089540F0E737D9D00B9A087 /* Serialize.cpp */,
				E08954100E737D9D00B9A087 /* Serialize.h */,
				E08954110E737D9D00B9A087 /* SettingFile.cpp */,
				E08954120E737D9D00B9A087 /* SettingFile.h */,
				E08954130E737D9D00B9A087 /* Swiper.cpp */,
				E08954140E737D9D00B9A087 /* Swiper.h */,
				E07FCBC10E491782003DBF67 /* MainObj.cpp */,
				E07FCBC20E491782003DBF67 /* MainObj.h */,
				E07FCBBE0E491774003DBF67 /* global.h */,
			);
			name = Game;
			sourceTree = "<group>";
		};
		E082ABE10E94840400BA8085 /* Fonts */ = {
			isa = PBXGroup;
			children = (
				E08082D60EA41D3E002E0ABF /* sans_typewriter.cpp */,
				E0A2619A0E9C7BC600279D08 /* sans_numbers.cpp */,
				E0A261980E9C7BBB00279D08 /* sans_24s.cpp */,
				E0A261960E9C7BAB00279D08 /* sans_8s.cpp */,
				E082ABE80E94842D00BA8085 /* sans_12o.cpp */,
				E082ABED0E94842D00BA8085 /* serif_10.cpp */,
			);
			name = Fonts;
			sourceTree = "<group>";
		};
		E082BE150E603F7D009C515B /* Images */ = {
			isa = PBXGroup;
			children = (
				E0D788B90EA44B300059B7FE /* C_misc_64x64.png */,
				E0D788F70EA44B300059B7FE /* sans_8s.png */,
				E0D788F80EA44B300059B7FE /* sans_12o.png */,
				E0D788F90EA44B300059B7FE /* sans_24s.png */,
				E0D788FA0EA44B300059B7FE /* sans_numbers.png */,
				E0D788FB0EA44B300059B7FE /* sans_typewriter.png */,
				E0D788FD0EA44B300059B7FE /* serif_10.png */,
			);
			name = Images;
			sourceTree = "<group>";
		};
		E082EBFC0E7DFCF2002A029D /* Levels */ = {
			isa = PBXGroup;
			children = (
			);
			name = Levels;
			sourceTree = "<group>";
		};
		E09DF2AD0E6387E20025E628 /* Sounds */ = {
			isa = PBXGroup;
			children = (
				E0883CB40EA835D5002316B4 /* theft.wav */,
				E0883CB60EA835D5002316B4 /* tock.wav */,
			);
			name = Sounds;
			sourceTree = "<group>";
		};
		E0B81F1E0E9B0DCC00EF7EF1 /* Waves */ = {
			isa = PBXGroup;
			children = (
			);
			name = Waves;
			sourceTree = "<group>";
		};
/* End PBXGroup section */

/* Begin PBXNativeTarget section */
		1D6058900D05DD3D006BFB54 /* SnakeWorld */ = {
			isa = PBXNativeTarget;
			buildConfigurationList = 1D6058960D05DD3E006BFB54 /* Build configuration list for PBXNativeTarget "SnakeWorld" */;
			buildPhases = (
				1D60588D0D05DD3D006BFB54 /* Resources */,
				1D60588E0D05DD3D006BFB54 /* Sources */,
				1D60588F0D05DD3D006BFB54 /* Frameworks */,
			);
			buildRules = (
			);
			dependencies = (
			);
			name = SnakeWorld;
			productName = SnakeWorld;
			productReference = 1D6058910D05DD3D006BFB54 /* Snakeworld.app */;
			productType = "com.apple.product-type.application";
		};
/* End PBXNativeTarget section */

/* Begin PBXProject section */
		29B97313FDCFA39411CA2CEA /* Project object */ = {
			isa = PBXProject;
			buildConfigurationList = C01FCF4E08A954540054247B /* Build configuration list for PBXProject "snakeworld" */;
			compatibilityVersion = "Xcode 3.1";
			hasScannedForEncodings = 1;
			mainGroup = 29B97314FDCFA39411CA2CEA /* CustomTemplate */;
			projectDirPath = "";
			projectRoot = "";
			targets = (
				1D6058900D05DD3D006BFB54 /* SnakeWorld */,
			);
		};
/* End PBXProject section */

/* Begin PBXResourcesBuildPhase section */
		1D60588D0D05DD3D006BFB54 /* Resources */ = {
			isa = PBXResourcesBuildPhase;
			buildActionMask = 2147483647;
			files = (
				28AD733F0D9D9553002E5188 /* MainWindow.xib in Resources */,
				E08E8B740E8B1960000BD226 /* icon.png in Resources */,
				E0D789030EA44B300059B7FE /* C_misc_64x64.png in Resources */,
				E0D789410EA44B310059B7FE /* sans_8s.png in Resources */,
				E0D789420EA44B310059B7FE /* sans_12o.png in Resources */,
				E0D789430EA44B310059B7FE /* sans_24s.png in Resources */,
				E0D789440EA44B310059B7FE /* sans_numbers.png in Resources */,
				E0D789450EA44B310059B7FE /* sans_typewriter.png in Resources */,
				E0D789470EA44B310059B7FE /* serif_10.png in Resources */,
				E0883D080EA835D5002316B4 /* theft.wav in Resources */,
				E0883D0A0EA835D5002316B4 /* tock.wav in Resources */,
			);
			runOnlyForDeploymentPostprocessing = 0;
		};
/* End PBXResourcesBuildPhase section */

/* Begin PBXSourcesBuildPhase section */
		1D60588E0D05DD3D006BFB54 /* Sources */ = {
			isa = PBXSourcesBuildPhase;
			buildActionMask = 2147483647;
			files = (
				1D60589B0D05DD56006BFB54 /* main.m in Sources */,
				E07FCBC90E491782003DBF67 /* MainObj.cpp in Sources */,
				E07FCBD40E4917C4003DBF67 /* EAGLView.mm in Sources */,
				E07FCBD50E4917C4003DBF67 /* LoadTexture.mm in Sources */,
				E07FCBD60E4917C4003DBF67 /* SnakeworldAppDelegate.m in Sources */,
				E06A22810E70D6250075DDCB /* Sizes.cpp in Sources */,
				E06A22820E70D6250075DDCB /* Sprite.cpp in Sources */,
				E06A22830E70D6250075DDCB /* TargetValue.cpp in Sources */,
				E06A22840E70D6250075DDCB /* TextSprite.cpp in Sources */,
				E06A22850E70D6250075DDCB /* Texture.cpp in Sources */,
				E06A22860E70D6250075DDCB /* Touches.cpp in Sources */,
				E06A22870E70D6250075DDCB /* Unproject.cpp in Sources */,
				E08954150E737D9D00B9A087 /* Menu.cpp in Sources */,
				E08954160E737D9D00B9A087 /* Serialize.cpp in Sources */,
				E08954170E737D9D00B9A087 /* SettingFile.cpp in Sources */,
				E08954180E737D9D00B9A087 /* Swiper.cpp in Sources */,
				E0F289670E7B3AB600C7D9E7 /* Environment.cpp in Sources */,
				E0F289680E7B3AB600C7D9E7 /* EventHook.cpp in Sources */,
				E082EBF80E7DFCE4002A029D /* Animation.cpp in Sources */,
				E082ABF10E94842D00BA8085 /* sans_12o.cpp in Sources */,
				E082ABF60E94842D00BA8085 /* serif_10.cpp in Sources */,
				E0A261970E9C7BAB00279D08 /* sans_8s.cpp in Sources */,
				E0A261990E9C7BBB00279D08 /* sans_24s.cpp in Sources */,
				E0A2619B0E9C7BC600279D08 /* sans_numbers.cpp in Sources */,
				E0F5DEA10EA139DA007580A4 /* StarSprite.cpp in Sources */,
				E08082D70EA41D3E002E0ABF /* sans_typewriter.cpp in Sources */,
				E0883B180EA8229B002316B4 /* CrossSound.cpp in Sources */,
				E0883B740EA833B9002316B4 /* PlatformSpecific.cpp in Sources */,
			);
			runOnlyForDeploymentPostprocessing = 0;
		};
/* End PBXSourcesBuildPhase section */

/* Begin XCBuildConfiguration section */
		1D6058940D05DD3E006BFB54 /* Debug */ = {
			isa = XCBuildConfiguration;
			buildSettings = {
				ALWAYS_SEARCH_USER_PATHS = NO;
				COPY_PHASE_STRIP = NO;
				GCC_DYNAMIC_NO_PIC = NO;
				GCC_OPTIMIZATION_LEVEL = 0;
				GCC_PRECOMPILE_PREFIX_HEADER = YES;
				GCC_PREFIX_HEADER = snakeworld_Prefix.pch;
				INFOPLIST_FILE = Info.plist;
				LIBRARY_SEARCH_PATHS = (
					"$(inherited)",
					"\"$(SDKROOT)/usr/lib/gcc/powerpc-apple-darwin9/4.0.1\"",
				);
				PRODUCT_NAME = Snakeworld;
			};
			name = Debug;
		};
		1D6058950D05DD3E006BFB54 /* Release */ = {
			isa = XCBuildConfiguration;
			buildSettings = {
				ALWAYS_SEARCH_USER_PATHS = NO;
				COPY_PHASE_STRIP = YES;
				GCC_PRECOMPILE_PREFIX_HEADER = YES;
				GCC_PREFIX_HEADER = snakeworld_Prefix.pch;
				INFOPLIST_FILE = Info.plist;
				LIBRARY_SEARCH_PATHS = (
					"$(inherited)",
					"\"$(SDKROOT)/usr/lib/gcc/powerpc-apple-darwin9/4.0.1\"",
				);
				PRODUCT_NAME = Snakeworld;
			};
			name = Release;
		};
		C01FCF4F08A954540054247B /* Debug */ = {
			isa = XCBuildConfiguration;
			buildSettings = {
				ARCHS = "$(ARCHS_STANDARD_32_BIT)";
				"CODE_SIGN_IDENTITY[sdk=iphoneos*]" = "iPhone Developer";
				DEPLOYMENT_LOCATION = NO;
				GCC_C_LANGUAGE_STANDARD = c99;
				GCC_WARN_ABOUT_RETURN_TYPE = YES;
				GCC_WARN_UNUSED_VARIABLE = YES;
				ONLY_ACTIVE_ARCH = YES;
				PREBINDING = NO;
				SDKROOT = iphoneos2.0;
			};
			name = Debug;
		};
		C01FCF5008A954540054247B /* Release */ = {
			isa = XCBuildConfiguration;
			buildSettings = {
				ARCHS = "$(ARCHS_STANDARD_32_BIT)";
				"CODE_SIGN_IDENTITY[sdk=iphoneos*]" = "iPhone Developer";
				GCC_C_LANGUAGE_STANDARD = c99;
				GCC_WARN_ABOUT_RETURN_TYPE = YES;
				GCC_WARN_UNUSED_VARIABLE = YES;
				PREBINDING = NO;
				SDKROOT = iphoneos2.0;
			};
			name = Release;
		};
		E06684130EAEC25F00717E35 /* Distribution */ = {
			isa = XCBuildConfiguration;
			buildSettings = {
				ARCHS = "$(ARCHS_STANDARD_32_BIT)";
				"CODE_SIGN_IDENTITY[sdk=iphoneos*]" = "iPhone Distribution: Chad Randall";
				GCC_C_LANGUAGE_STANDARD = c99;
				GCC_WARN_ABOUT_RETURN_TYPE = YES;
				GCC_WARN_UNUSED_VARIABLE = YES;
				PREBINDING = NO;
				SDKROOT = iphoneos2.0;
			};
			name = Distribution;
		};
		E06684140EAEC25F00717E35 /* Distribution */ = {
			isa = XCBuildConfiguration;
			buildSettings = {
				ALWAYS_SEARCH_USER_PATHS = NO;
				COPY_PHASE_STRIP = YES;
				GCC_PRECOMPILE_PREFIX_HEADER = YES;
				GCC_PREFIX_HEADER = snakeworld_Prefix.pch;
				INFOPLIST_FILE = Info.plist;
				LIBRARY_SEARCH_PATHS = (
					"$(inherited)",
					"\"$(SDKROOT)/usr/lib/gcc/powerpc-apple-darwin9/4.0.1\"",
				);
				PRODUCT_NAME = Snakeworld;
			};
			name = Distribution;
		};
/* End XCBuildConfiguration section */

/* Begin XCConfigurationList section */
		1D6058960D05DD3E006BFB54 /* Build configuration list for PBXNativeTarget "SnakeWorld" */ = {
			isa = XCConfigurationList;
			buildConfigurations = (
				1D6058940D05DD3E006BFB54 /* Debug */,
				1D6058950D05DD3E006BFB54 /* Release */,
				E06684140EAEC25F00717E35 /* Distribution */,
			);
			defaultConfigurationIsVisible = 0;
			defaultConfigurationName = Release;
		};
		C01FCF4E08A954540054247B /* Build configuration list for PBXProject "snakeworld" */ = {
			isa = XCConfigurationList;
			buildConfigurations = (
				C01FCF4F08A954540054247B /* Debug */,
				C01FCF5008A954540054247B /* Release */,
				E06684130EAEC25F00717E35 /* Distribution */,
			);
			defaultConfigurationIsVisible = 0;
			defaultConfigurationName = Release;
		};
/* End XCConfigurationList section */
	};
	rootObject = 29B97313FDCFA39411CA2CEA /* Project object */;
}
